// !$*UTF8*$!
{
	archiveVersion = 1;
	classes = {
	};
	objectVersion = 56;
	objects = {

/* Begin PBXBuildFile section */
		058326872A5BF893004A295F /* PPPTagView.swift in Sources */ = {isa = PBXBuildFile; fileRef = 058326862A5BF893004A295F /* PPPTagView.swift */; };
		058326892A5C00C7004A295F /* DetailTagCollectionViewCell.swift in Sources */ = {isa = PBXBuildFile; fileRef = 058326882A5C00C7004A295F /* DetailTagCollectionViewCell.swift */; };
		0583268E2A5C0158004A295F /* DetailTagModel.swift in Sources */ = {isa = PBXBuildFile; fileRef = 0583268D2A5C0158004A295F /* DetailTagModel.swift */; };
		058326902A5C290A004A295F /* DetailView.swift in Sources */ = {isa = PBXBuildFile; fileRef = 0583268F2A5C290A004A295F /* DetailView.swift */; };
		05CD07D12A5C6FEE003EEE84 /* DetailOwnerView.swift in Sources */ = {isa = PBXBuildFile; fileRef = 05CD07D02A5C6FEE003EEE84 /* DetailOwnerView.swift */; };
		05CD07D32A5C75FA003EEE84 /* DetailBookCollectionViewCell.swift in Sources */ = {isa = PBXBuildFile; fileRef = 05CD07D22A5C75FA003EEE84 /* DetailBookCollectionViewCell.swift */; };
		05CD07D52A5C9690003EEE84 /* DetailUniqueView.swift in Sources */ = {isa = PBXBuildFile; fileRef = 05CD07D42A5C9690003EEE84 /* DetailUniqueView.swift */; };
		05CD07D92A5D2505003EEE84 /* DetailArticleRequestView.swift in Sources */ = {isa = PBXBuildFile; fileRef = 05CD07D82A5D2505003EEE84 /* DetailArticleRequestView.swift */; };
		05CD07DB2A5D9CA5003EEE84 /* DetailMoveToArticleView.swift in Sources */ = {isa = PBXBuildFile; fileRef = 05CD07DA2A5D9CA5003EEE84 /* DetailMoveToArticleView.swift */; };
		05CD07DD2A5E9C37003EEE84 /* SearchTableViewCell.swift in Sources */ = {isa = PBXBuildFile; fileRef = 05CD07DC2A5E9C37003EEE84 /* SearchTableViewCell.swift */; };
		05CD07E22A5EA072003EEE84 /* SearchListModel.swift in Sources */ = {isa = PBXBuildFile; fileRef = 05CD07E12A5EA072003EEE84 /* SearchListModel.swift */; };
		05CD07E52A5ED7D8003EEE84 /* SearchHeaderView.swift in Sources */ = {isa = PBXBuildFile; fileRef = 05CD07E42A5ED7D8003EEE84 /* SearchHeaderView.swift */; };
		D221886D2A5924C600F097C7 /* DetailViewController.swift in Sources */ = {isa = PBXBuildFile; fileRef = D221886C2A5924C600F097C7 /* DetailViewController.swift */; };
		D221886F2A5924D200F097C7 /* DetailTopView.swift in Sources */ = {isa = PBXBuildFile; fileRef = D221886E2A5924D200F097C7 /* DetailTopView.swift */; };
		D22188772A5925F100F097C7 /* Pretendard-SemiBold.otf in Resources */ = {isa = PBXBuildFile; fileRef = D22188762A5925F100F097C7 /* Pretendard-SemiBold.otf */; };
		D221887D2A5BD90300F097C7 /* TicketCheckQRCodeViewController.swift in Sources */ = {isa = PBXBuildFile; fileRef = D221887C2A5BD90300F097C7 /* TicketCheckQRCodeViewController.swift */; };
		D22188842A5BDC1A00F097C7 /* Size.swift in Sources */ = {isa = PBXBuildFile; fileRef = D22188832A5BDC1A00F097C7 /* Size.swift */; };
		D22188882A5BF8BA00F097C7 /* CGPoint+.swift in Sources */ = {isa = PBXBuildFile; fileRef = D22188872A5BF8BA00F097C7 /* CGPoint+.swift */; };
		D224D4942A5D1C6A00B014ED /* TicketResultViewController.swift in Sources */ = {isa = PBXBuildFile; fileRef = D224D4932A5D1C6A00B014ED /* TicketResultViewController.swift */; };
		D224D4962A5D1D0600B014ED /* TicketResultView.swift in Sources */ = {isa = PBXBuildFile; fileRef = D224D4952A5D1D0600B014ED /* TicketResultView.swift */; };
		D224D4982A5D1D6300B014ED /* TicketSuccessView.swift in Sources */ = {isa = PBXBuildFile; fileRef = D224D4972A5D1D6300B014ED /* TicketSuccessView.swift */; };
		D224D49A2A5D1D7400B014ED /* TicketFailureView.swift in Sources */ = {isa = PBXBuildFile; fileRef = D224D4992A5D1D7400B014ED /* TicketFailureView.swift */; };
		D224D49C2A5D9A9700B014ED /* MySavedView.swift in Sources */ = {isa = PBXBuildFile; fileRef = D224D49B2A5D9A9700B014ED /* MySavedView.swift */; };
		D224D49F2A5DA6B900B014ED /* MyInfoTableViewCell.swift in Sources */ = {isa = PBXBuildFile; fileRef = D224D49E2A5DA6B900B014ED /* MyInfoTableViewCell.swift */; };
		D224D4A12A5DA95600B014ED /* MyInfoView.swift in Sources */ = {isa = PBXBuildFile; fileRef = D224D4A02A5DA95600B014ED /* MyInfoView.swift */; };
		D224D4A32A5DA97D00B014ED /* MyProfileView.swift in Sources */ = {isa = PBXBuildFile; fileRef = D224D4A22A5DA97D00B014ED /* MyProfileView.swift */; };
		D224D4A92A5DB66800B014ED /* MyInfoModel.swift in Sources */ = {isa = PBXBuildFile; fileRef = D224D4A82A5DB66800B014ED /* MyInfoModel.swift */; };
		D224D4AB2A5DCB7800B014ED /* MySeparatorFooterView.swift in Sources */ = {isa = PBXBuildFile; fileRef = D224D4AA2A5DCB7800B014ED /* MySeparatorFooterView.swift */; };
		D224D4AD2A5DF15600B014ED /* MyAccountModel.swift in Sources */ = {isa = PBXBuildFile; fileRef = D224D4AC2A5DF15600B014ED /* MyAccountModel.swift */; };
		D224D4B02A5DFAC400B014ED /* Pretendard-Bold.otf in Resources */ = {isa = PBXBuildFile; fileRef = D224D4AF2A5DFAC300B014ED /* Pretendard-Bold.otf */; };
		D224D4B22A5DFAE900B014ED /* Pretendard-Regular.otf in Resources */ = {isa = PBXBuildFile; fileRef = D224D4B12A5DFAE900B014ED /* Pretendard-Regular.otf */; };
		D224D4B42A5DFB6B00B014ED /* Unbounded-Regular.ttf in Resources */ = {isa = PBXBuildFile; fileRef = D224D4B32A5DFB6B00B014ED /* Unbounded-Regular.ttf */; };
		D224D4B62A5DFB7300B014ED /* Unbounded-Light.ttf in Resources */ = {isa = PBXBuildFile; fileRef = D224D4B52A5DFB7300B014ED /* Unbounded-Light.ttf */; };
		D224D4B82A5DFBC300B014ED /* Unbounded-SemiBold.ttf in Resources */ = {isa = PBXBuildFile; fileRef = D224D4B72A5DFBC200B014ED /* Unbounded-SemiBold.ttf */; };
		D2614A462A52836E00869710 /* AppDelegate.swift in Sources */ = {isa = PBXBuildFile; fileRef = D2614A452A52836E00869710 /* AppDelegate.swift */; };
		D2614A482A52836E00869710 /* SceneDelegate.swift in Sources */ = {isa = PBXBuildFile; fileRef = D2614A472A52836E00869710 /* SceneDelegate.swift */; };
		D2614A4D2A52836F00869710 /* Main.storyboard in Resources */ = {isa = PBXBuildFile; fileRef = D2614A4B2A52836F00869710 /* Main.storyboard */; };
		D2614A4F2A52837000869710 /* Assets.xcassets in Resources */ = {isa = PBXBuildFile; fileRef = D2614A4E2A52837000869710 /* Assets.xcassets */; };
		D2614A522A52837000869710 /* LaunchScreen.storyboard in Resources */ = {isa = PBXBuildFile; fileRef = D2614A502A52837000869710 /* LaunchScreen.storyboard */; };
		D2614A5C2A528C2300869710 /* URLs.swift in Sources */ = {isa = PBXBuildFile; fileRef = D2614A5B2A528C2300869710 /* URLs.swift */; };
		D2614A5E2A528C2A00869710 /* Image.swift in Sources */ = {isa = PBXBuildFile; fileRef = D2614A5D2A528C2A00869710 /* Image.swift */; };
		D2614A622A528C5100869710 /* UIView+.swift in Sources */ = {isa = PBXBuildFile; fileRef = D2614A612A528C5100869710 /* UIView+.swift */; };
		D2614A642A528C6400869710 /* UIViewController+.swift in Sources */ = {isa = PBXBuildFile; fileRef = D2614A632A528C6400869710 /* UIViewController+.swift */; };
		D2614A662A528C8000869710 /* UITableViewCell+.swift in Sources */ = {isa = PBXBuildFile; fileRef = D2614A652A528C8000869710 /* UITableViewCell+.swift */; };
		D2614A682A528C9100869710 /* UITextField+.swift in Sources */ = {isa = PBXBuildFile; fileRef = D2614A672A528C9100869710 /* UITextField+.swift */; };
		D2614A6A2A528CA300869710 /* UIColor+.swift in Sources */ = {isa = PBXBuildFile; fileRef = D2614A692A528CA300869710 /* UIColor+.swift */; };
		D2614A6C2A528CCB00869710 /* UILabel+.swift in Sources */ = {isa = PBXBuildFile; fileRef = D2614A6B2A528CCB00869710 /* UILabel+.swift */; };
		D2614A6E2A528CD900869710 /* UIButton+.swift in Sources */ = {isa = PBXBuildFile; fileRef = D2614A6D2A528CD900869710 /* UIButton+.swift */; };
		D2614A702A528D0300869710 /* UIImageView+.swift in Sources */ = {isa = PBXBuildFile; fileRef = D2614A6F2A528D0300869710 /* UIImageView+.swift */; };
		D2614A722A528D1A00869710 /* UITableViewHeaderFooterView+.swift in Sources */ = {isa = PBXBuildFile; fileRef = D2614A712A528D1A00869710 /* UITableViewHeaderFooterView+.swift */; };
		D2614A742A528D2D00869710 /* UICollectionViewCell+.swift in Sources */ = {isa = PBXBuildFile; fileRef = D2614A732A528D2D00869710 /* UICollectionViewCell+.swift */; };
		D2614A762A528D4900869710 /* UICollectionReusableView+.swift in Sources */ = {isa = PBXBuildFile; fileRef = D2614A752A528D4900869710 /* UICollectionReusableView+.swift */; };
		D2614A782A528D5800869710 /* UIFont+.swift in Sources */ = {isa = PBXBuildFile; fileRef = D2614A772A528D5800869710 /* UIFont+.swift */; };
		D2614A7A2A528D6E00869710 /* UITabbar+.swift in Sources */ = {isa = PBXBuildFile; fileRef = D2614A792A528D6E00869710 /* UITabbar+.swift */; };
		D2614A7D2A528DBA00869710 /* SnapKit in Frameworks */ = {isa = PBXBuildFile; productRef = D2614A7C2A528DBA00869710 /* SnapKit */; };
		D2614A802A528E2800869710 /* Then in Frameworks */ = {isa = PBXBuildFile; productRef = D2614A7F2A528E2800869710 /* Then */; };
		D2614A832A528EB400869710 /* Kingfisher in Frameworks */ = {isa = PBXBuildFile; productRef = D2614A822A528EB400869710 /* Kingfisher */; };
		D2614A872A528FF600869710 /* Moya in Frameworks */ = {isa = PBXBuildFile; productRef = D2614A862A528FF600869710 /* Moya */; };
		D2614A8A2A52906D00869710 /* KakaoSDK in Frameworks */ = {isa = PBXBuildFile; productRef = D2614A892A52906D00869710 /* KakaoSDK */; };
		D2614A8E2A52911000869710 /* GenericResponse.swift in Sources */ = {isa = PBXBuildFile; fileRef = D2614A8D2A52911000869710 /* GenericResponse.swift */; };
		D2614A902A52912200869710 /* SimpleResponse.swift in Sources */ = {isa = PBXBuildFile; fileRef = D2614A8F2A52912200869710 /* SimpleResponse.swift */; };
		D2614A922A52913900869710 /* APIConstants.swift in Sources */ = {isa = PBXBuildFile; fileRef = D2614A912A52913900869710 /* APIConstants.swift */; };
		D2614A942A52916800869710 /* MoyaLoggerPlugin.swift in Sources */ = {isa = PBXBuildFile; fileRef = D2614A932A52916800869710 /* MoyaLoggerPlugin.swift */; };
		D2614A962A52917B00869710 /* NetworkResult.swift in Sources */ = {isa = PBXBuildFile; fileRef = D2614A952A52917B00869710 /* NetworkResult.swift */; };
		D2614A982A52918A00869710 /* BaseTargetType.swift in Sources */ = {isa = PBXBuildFile; fileRef = D2614A972A52918A00869710 /* BaseTargetType.swift */; };
		D2614A9A2A52919A00869710 /* BaseAPI.swift in Sources */ = {isa = PBXBuildFile; fileRef = D2614A992A52919A00869710 /* BaseAPI.swift */; };
		D2614A9E2A5291F400869710 /* VoidResult.swift in Sources */ = {isa = PBXBuildFile; fileRef = D2614A9D2A5291F400869710 /* VoidResult.swift */; };
		D26594072A5C56F50089E56A /* QRManager.swift in Sources */ = {isa = PBXBuildFile; fileRef = D26594062A5C56F50089E56A /* QRManager.swift */; };
		D26594092A5C6FE70089E56A /* TicketCardView.swift in Sources */ = {isa = PBXBuildFile; fileRef = D26594082A5C6FE70089E56A /* TicketCardView.swift */; };
		D265940C2A5C88A80089E56A /* TicketCollectionViewCell.swift in Sources */ = {isa = PBXBuildFile; fileRef = D265940B2A5C88A80089E56A /* TicketCollectionViewCell.swift */; };
		D265940E2A5CF2370089E56A /* TicketCardCollectionViewCell.swift in Sources */ = {isa = PBXBuildFile; fileRef = D265940D2A5CF2360089E56A /* TicketCardCollectionViewCell.swift */; };
		D26594132A5CF4580089E56A /* TicketCardModel.swift in Sources */ = {isa = PBXBuildFile; fileRef = D26594122A5CF4580089E56A /* TicketCardModel.swift */; };
		D26594152A5CF4B90089E56A /* TicketView.swift in Sources */ = {isa = PBXBuildFile; fileRef = D26594142A5CF4B90089E56A /* TicketView.swift */; };
		D2B0960A2A529894007BC756 /* BaseViewController.swift in Sources */ = {isa = PBXBuildFile; fileRef = D2B096092A529893007BC756 /* BaseViewController.swift */; };
		D2B096162A529963007BC756 /* TicketTicketView.swift in Sources */ = {isa = PBXBuildFile; fileRef = D2B096152A529963007BC756 /* TicketTicketView.swift */; };
		D2B096182A529984007BC756 /* SearchViewController.swift in Sources */ = {isa = PBXBuildFile; fileRef = D2B096172A529984007BC756 /* SearchViewController.swift */; };
		D2B0961A2A529994007BC756 /* SearchView.swift in Sources */ = {isa = PBXBuildFile; fileRef = D2B096192A529994007BC756 /* SearchView.swift */; };
		D2B0961C2A5299A0007BC756 /* MyViewController.swift in Sources */ = {isa = PBXBuildFile; fileRef = D2B0961B2A5299A0007BC756 /* MyViewController.swift */; };
		D2B0961E2A5299B2007BC756 /* MyView.swift in Sources */ = {isa = PBXBuildFile; fileRef = D2B0961D2A5299B2007BC756 /* MyView.swift */; };
		D2B096202A5299C2007BC756 /* HomeViewController.swift in Sources */ = {isa = PBXBuildFile; fileRef = D2B0961F2A5299C2007BC756 /* HomeViewController.swift */; };
		D2B096222A5299CC007BC756 /* HomeView.swift in Sources */ = {isa = PBXBuildFile; fileRef = D2B096212A5299CC007BC756 /* HomeView.swift */; };
		D2B096242A529A8C007BC756 /* TicketViewController.swift in Sources */ = {isa = PBXBuildFile; fileRef = D2B096232A529A8C007BC756 /* TicketViewController.swift */; };
		D2B096262A529AC4007BC756 /* PPPTabBarController.swift in Sources */ = {isa = PBXBuildFile; fileRef = D2B096252A529AC4007BC756 /* PPPTabBarController.swift */; };
		D2E8C3D32A5E811E002004A5 /* CALayer+.swift in Sources */ = {isa = PBXBuildFile; fileRef = D2E8C3D22A5E811E002004A5 /* CALayer+.swift */; };
		D2E8C3D52A5E9F71002004A5 /* TicketEmptyView.swift in Sources */ = {isa = PBXBuildFile; fileRef = D2E8C3D42A5E9F71002004A5 /* TicketEmptyView.swift */; };
		D2E8C3D72A5E9F7D002004A5 /* TicketCardEmptyView.swift in Sources */ = {isa = PBXBuildFile; fileRef = D2E8C3D62A5E9F7D002004A5 /* TicketCardEmptyView.swift */; };
		D2E8C3D92A5EC2C1002004A5 /* TicketModel.swift in Sources */ = {isa = PBXBuildFile; fileRef = D2E8C3D82A5EC2C1002004A5 /* TicketModel.swift */; };
		D2E8C3DD2A5EF810002004A5 /* CGFloat+.swift in Sources */ = {isa = PBXBuildFile; fileRef = D2E8C3DC2A5EF810002004A5 /* CGFloat+.swift */; };
/* End PBXBuildFile section */

/* Begin PBXFileReference section */
		058326862A5BF893004A295F /* PPPTagView.swift */ = {isa = PBXFileReference; lastKnownFileType = sourcecode.swift; path = PPPTagView.swift; sourceTree = "<group>"; };
		058326882A5C00C7004A295F /* DetailTagCollectionViewCell.swift */ = {isa = PBXFileReference; lastKnownFileType = sourcecode.swift; path = DetailTagCollectionViewCell.swift; sourceTree = "<group>"; };
		0583268D2A5C0158004A295F /* DetailTagModel.swift */ = {isa = PBXFileReference; lastKnownFileType = sourcecode.swift; path = DetailTagModel.swift; sourceTree = "<group>"; };
		0583268F2A5C290A004A295F /* DetailView.swift */ = {isa = PBXFileReference; lastKnownFileType = sourcecode.swift; path = DetailView.swift; sourceTree = "<group>"; };
		05CD07D02A5C6FEE003EEE84 /* DetailOwnerView.swift */ = {isa = PBXFileReference; lastKnownFileType = sourcecode.swift; path = DetailOwnerView.swift; sourceTree = "<group>"; };
		05CD07D22A5C75FA003EEE84 /* DetailBookCollectionViewCell.swift */ = {isa = PBXFileReference; lastKnownFileType = sourcecode.swift; path = DetailBookCollectionViewCell.swift; sourceTree = "<group>"; };
		05CD07D42A5C9690003EEE84 /* DetailUniqueView.swift */ = {isa = PBXFileReference; lastKnownFileType = sourcecode.swift; path = DetailUniqueView.swift; sourceTree = "<group>"; };
		05CD07D82A5D2505003EEE84 /* DetailArticleRequestView.swift */ = {isa = PBXFileReference; lastKnownFileType = sourcecode.swift; path = DetailArticleRequestView.swift; sourceTree = "<group>"; };
		05CD07DA2A5D9CA5003EEE84 /* DetailMoveToArticleView.swift */ = {isa = PBXFileReference; lastKnownFileType = sourcecode.swift; path = DetailMoveToArticleView.swift; sourceTree = "<group>"; };
		05CD07DC2A5E9C37003EEE84 /* SearchTableViewCell.swift */ = {isa = PBXFileReference; lastKnownFileType = sourcecode.swift; path = SearchTableViewCell.swift; sourceTree = "<group>"; };
		05CD07E12A5EA072003EEE84 /* SearchListModel.swift */ = {isa = PBXFileReference; lastKnownFileType = sourcecode.swift; path = SearchListModel.swift; sourceTree = "<group>"; };
		05CD07E42A5ED7D8003EEE84 /* SearchHeaderView.swift */ = {isa = PBXFileReference; lastKnownFileType = sourcecode.swift; path = SearchHeaderView.swift; sourceTree = "<group>"; };
		D221886C2A5924C600F097C7 /* DetailViewController.swift */ = {isa = PBXFileReference; lastKnownFileType = sourcecode.swift; path = DetailViewController.swift; sourceTree = "<group>"; };
		D221886E2A5924D200F097C7 /* DetailTopView.swift */ = {isa = PBXFileReference; lastKnownFileType = sourcecode.swift; path = DetailTopView.swift; sourceTree = "<group>"; };
		D22188762A5925F100F097C7 /* Pretendard-SemiBold.otf */ = {isa = PBXFileReference; lastKnownFileType = file; path = "Pretendard-SemiBold.otf"; sourceTree = "<group>"; };
		D221887C2A5BD90300F097C7 /* TicketCheckQRCodeViewController.swift */ = {isa = PBXFileReference; lastKnownFileType = sourcecode.swift; path = TicketCheckQRCodeViewController.swift; sourceTree = "<group>"; };
		D22188832A5BDC1A00F097C7 /* Size.swift */ = {isa = PBXFileReference; lastKnownFileType = sourcecode.swift; path = Size.swift; sourceTree = "<group>"; };
		D22188872A5BF8BA00F097C7 /* CGPoint+.swift */ = {isa = PBXFileReference; lastKnownFileType = sourcecode.swift; path = "CGPoint+.swift"; sourceTree = "<group>"; };
		D224D4932A5D1C6A00B014ED /* TicketResultViewController.swift */ = {isa = PBXFileReference; lastKnownFileType = sourcecode.swift; path = TicketResultViewController.swift; sourceTree = "<group>"; };
		D224D4952A5D1D0600B014ED /* TicketResultView.swift */ = {isa = PBXFileReference; lastKnownFileType = sourcecode.swift; path = TicketResultView.swift; sourceTree = "<group>"; };
		D224D4972A5D1D6300B014ED /* TicketSuccessView.swift */ = {isa = PBXFileReference; lastKnownFileType = sourcecode.swift; path = TicketSuccessView.swift; sourceTree = "<group>"; };
		D224D4992A5D1D7400B014ED /* TicketFailureView.swift */ = {isa = PBXFileReference; lastKnownFileType = sourcecode.swift; path = TicketFailureView.swift; sourceTree = "<group>"; };
		D224D49B2A5D9A9700B014ED /* MySavedView.swift */ = {isa = PBXFileReference; lastKnownFileType = sourcecode.swift; path = MySavedView.swift; sourceTree = "<group>"; };
		D224D49E2A5DA6B900B014ED /* MyInfoTableViewCell.swift */ = {isa = PBXFileReference; lastKnownFileType = sourcecode.swift; path = MyInfoTableViewCell.swift; sourceTree = "<group>"; };
		D224D4A02A5DA95600B014ED /* MyInfoView.swift */ = {isa = PBXFileReference; lastKnownFileType = sourcecode.swift; path = MyInfoView.swift; sourceTree = "<group>"; };
		D224D4A22A5DA97D00B014ED /* MyProfileView.swift */ = {isa = PBXFileReference; lastKnownFileType = sourcecode.swift; path = MyProfileView.swift; sourceTree = "<group>"; };
		D224D4A82A5DB66800B014ED /* MyInfoModel.swift */ = {isa = PBXFileReference; lastKnownFileType = sourcecode.swift; path = MyInfoModel.swift; sourceTree = "<group>"; };
		D224D4AA2A5DCB7800B014ED /* MySeparatorFooterView.swift */ = {isa = PBXFileReference; lastKnownFileType = sourcecode.swift; path = MySeparatorFooterView.swift; sourceTree = "<group>"; };
		D224D4AC2A5DF15600B014ED /* MyAccountModel.swift */ = {isa = PBXFileReference; lastKnownFileType = sourcecode.swift; path = MyAccountModel.swift; sourceTree = "<group>"; };
		D224D4AF2A5DFAC300B014ED /* Pretendard-Bold.otf */ = {isa = PBXFileReference; lastKnownFileType = file; path = "Pretendard-Bold.otf"; sourceTree = "<group>"; };
		D224D4B12A5DFAE900B014ED /* Pretendard-Regular.otf */ = {isa = PBXFileReference; lastKnownFileType = file; path = "Pretendard-Regular.otf"; sourceTree = "<group>"; };
		D224D4B32A5DFB6B00B014ED /* Unbounded-Regular.ttf */ = {isa = PBXFileReference; lastKnownFileType = file; path = "Unbounded-Regular.ttf"; sourceTree = "<group>"; };
		D224D4B52A5DFB7300B014ED /* Unbounded-Light.ttf */ = {isa = PBXFileReference; lastKnownFileType = file; path = "Unbounded-Light.ttf"; sourceTree = "<group>"; };
		D224D4B72A5DFBC200B014ED /* Unbounded-SemiBold.ttf */ = {isa = PBXFileReference; lastKnownFileType = file; path = "Unbounded-SemiBold.ttf"; sourceTree = "<group>"; };
		D2614A422A52836E00869710 /* PPPCLUB-iOS.app */ = {isa = PBXFileReference; explicitFileType = wrapper.application; includeInIndex = 0; path = "PPPCLUB-iOS.app"; sourceTree = BUILT_PRODUCTS_DIR; };
		D2614A452A52836E00869710 /* AppDelegate.swift */ = {isa = PBXFileReference; lastKnownFileType = sourcecode.swift; path = AppDelegate.swift; sourceTree = "<group>"; };
		D2614A472A52836E00869710 /* SceneDelegate.swift */ = {isa = PBXFileReference; lastKnownFileType = sourcecode.swift; path = SceneDelegate.swift; sourceTree = "<group>"; };
		D2614A4C2A52836F00869710 /* Base */ = {isa = PBXFileReference; lastKnownFileType = file.storyboard; name = Base; path = Base.lproj/Main.storyboard; sourceTree = "<group>"; };
		D2614A4E2A52837000869710 /* Assets.xcassets */ = {isa = PBXFileReference; lastKnownFileType = folder.assetcatalog; path = Assets.xcassets; sourceTree = "<group>"; };
		D2614A512A52837000869710 /* Base */ = {isa = PBXFileReference; lastKnownFileType = file.storyboard; name = Base; path = Base.lproj/LaunchScreen.storyboard; sourceTree = "<group>"; };
		D2614A532A52837000869710 /* Info.plist */ = {isa = PBXFileReference; lastKnownFileType = text.plist.xml; path = Info.plist; sourceTree = "<group>"; };
		D2614A5B2A528C2300869710 /* URLs.swift */ = {isa = PBXFileReference; lastKnownFileType = sourcecode.swift; path = URLs.swift; sourceTree = "<group>"; };
		D2614A5D2A528C2A00869710 /* Image.swift */ = {isa = PBXFileReference; lastKnownFileType = sourcecode.swift; path = Image.swift; sourceTree = "<group>"; };
		D2614A612A528C5100869710 /* UIView+.swift */ = {isa = PBXFileReference; lastKnownFileType = sourcecode.swift; path = "UIView+.swift"; sourceTree = "<group>"; };
		D2614A632A528C6400869710 /* UIViewController+.swift */ = {isa = PBXFileReference; lastKnownFileType = sourcecode.swift; path = "UIViewController+.swift"; sourceTree = "<group>"; };
		D2614A652A528C8000869710 /* UITableViewCell+.swift */ = {isa = PBXFileReference; lastKnownFileType = sourcecode.swift; path = "UITableViewCell+.swift"; sourceTree = "<group>"; };
		D2614A672A528C9100869710 /* UITextField+.swift */ = {isa = PBXFileReference; lastKnownFileType = sourcecode.swift; path = "UITextField+.swift"; sourceTree = "<group>"; };
		D2614A692A528CA300869710 /* UIColor+.swift */ = {isa = PBXFileReference; lastKnownFileType = sourcecode.swift; path = "UIColor+.swift"; sourceTree = "<group>"; };
		D2614A6B2A528CCB00869710 /* UILabel+.swift */ = {isa = PBXFileReference; lastKnownFileType = sourcecode.swift; path = "UILabel+.swift"; sourceTree = "<group>"; };
		D2614A6D2A528CD900869710 /* UIButton+.swift */ = {isa = PBXFileReference; lastKnownFileType = sourcecode.swift; path = "UIButton+.swift"; sourceTree = "<group>"; };
		D2614A6F2A528D0300869710 /* UIImageView+.swift */ = {isa = PBXFileReference; lastKnownFileType = sourcecode.swift; path = "UIImageView+.swift"; sourceTree = "<group>"; };
		D2614A712A528D1A00869710 /* UITableViewHeaderFooterView+.swift */ = {isa = PBXFileReference; lastKnownFileType = sourcecode.swift; path = "UITableViewHeaderFooterView+.swift"; sourceTree = "<group>"; };
		D2614A732A528D2D00869710 /* UICollectionViewCell+.swift */ = {isa = PBXFileReference; lastKnownFileType = sourcecode.swift; path = "UICollectionViewCell+.swift"; sourceTree = "<group>"; };
		D2614A752A528D4900869710 /* UICollectionReusableView+.swift */ = {isa = PBXFileReference; lastKnownFileType = sourcecode.swift; path = "UICollectionReusableView+.swift"; sourceTree = "<group>"; };
		D2614A772A528D5800869710 /* UIFont+.swift */ = {isa = PBXFileReference; lastKnownFileType = sourcecode.swift; path = "UIFont+.swift"; sourceTree = "<group>"; };
		D2614A792A528D6E00869710 /* UITabbar+.swift */ = {isa = PBXFileReference; lastKnownFileType = sourcecode.swift; path = "UITabbar+.swift"; sourceTree = "<group>"; };
		D2614A8D2A52911000869710 /* GenericResponse.swift */ = {isa = PBXFileReference; lastKnownFileType = sourcecode.swift; path = GenericResponse.swift; sourceTree = "<group>"; };
		D2614A8F2A52912200869710 /* SimpleResponse.swift */ = {isa = PBXFileReference; lastKnownFileType = sourcecode.swift; path = SimpleResponse.swift; sourceTree = "<group>"; };
		D2614A912A52913900869710 /* APIConstants.swift */ = {isa = PBXFileReference; lastKnownFileType = sourcecode.swift; path = APIConstants.swift; sourceTree = "<group>"; };
		D2614A932A52916800869710 /* MoyaLoggerPlugin.swift */ = {isa = PBXFileReference; lastKnownFileType = sourcecode.swift; path = MoyaLoggerPlugin.swift; sourceTree = "<group>"; };
		D2614A952A52917B00869710 /* NetworkResult.swift */ = {isa = PBXFileReference; lastKnownFileType = sourcecode.swift; path = NetworkResult.swift; sourceTree = "<group>"; };
		D2614A972A52918A00869710 /* BaseTargetType.swift */ = {isa = PBXFileReference; lastKnownFileType = sourcecode.swift; path = BaseTargetType.swift; sourceTree = "<group>"; };
		D2614A992A52919A00869710 /* BaseAPI.swift */ = {isa = PBXFileReference; lastKnownFileType = sourcecode.swift; path = BaseAPI.swift; sourceTree = "<group>"; };
		D2614A9D2A5291F400869710 /* VoidResult.swift */ = {isa = PBXFileReference; lastKnownFileType = sourcecode.swift; path = VoidResult.swift; sourceTree = "<group>"; };
		D26594062A5C56F50089E56A /* QRManager.swift */ = {isa = PBXFileReference; lastKnownFileType = sourcecode.swift; path = QRManager.swift; sourceTree = "<group>"; };
		D26594082A5C6FE70089E56A /* TicketCardView.swift */ = {isa = PBXFileReference; lastKnownFileType = sourcecode.swift; path = TicketCardView.swift; sourceTree = "<group>"; };
		D265940B2A5C88A80089E56A /* TicketCollectionViewCell.swift */ = {isa = PBXFileReference; lastKnownFileType = sourcecode.swift; path = TicketCollectionViewCell.swift; sourceTree = "<group>"; };
		D265940D2A5CF2360089E56A /* TicketCardCollectionViewCell.swift */ = {isa = PBXFileReference; lastKnownFileType = sourcecode.swift; path = TicketCardCollectionViewCell.swift; sourceTree = "<group>"; };
		D26594122A5CF4580089E56A /* TicketCardModel.swift */ = {isa = PBXFileReference; lastKnownFileType = sourcecode.swift; path = TicketCardModel.swift; sourceTree = "<group>"; };
		D26594142A5CF4B90089E56A /* TicketView.swift */ = {isa = PBXFileReference; lastKnownFileType = sourcecode.swift; path = TicketView.swift; sourceTree = "<group>"; };
		D2B096092A529893007BC756 /* BaseViewController.swift */ = {isa = PBXFileReference; lastKnownFileType = sourcecode.swift; path = BaseViewController.swift; sourceTree = "<group>"; };
		D2B096152A529963007BC756 /* TicketTicketView.swift */ = {isa = PBXFileReference; lastKnownFileType = sourcecode.swift; path = TicketTicketView.swift; sourceTree = "<group>"; };
		D2B096172A529984007BC756 /* SearchViewController.swift */ = {isa = PBXFileReference; lastKnownFileType = sourcecode.swift; path = SearchViewController.swift; sourceTree = "<group>"; };
		D2B096192A529994007BC756 /* SearchView.swift */ = {isa = PBXFileReference; lastKnownFileType = sourcecode.swift; path = SearchView.swift; sourceTree = "<group>"; };
		D2B0961B2A5299A0007BC756 /* MyViewController.swift */ = {isa = PBXFileReference; lastKnownFileType = sourcecode.swift; path = MyViewController.swift; sourceTree = "<group>"; };
		D2B0961D2A5299B2007BC756 /* MyView.swift */ = {isa = PBXFileReference; lastKnownFileType = sourcecode.swift; path = MyView.swift; sourceTree = "<group>"; };
		D2B0961F2A5299C2007BC756 /* HomeViewController.swift */ = {isa = PBXFileReference; lastKnownFileType = sourcecode.swift; path = HomeViewController.swift; sourceTree = "<group>"; };
		D2B096212A5299CC007BC756 /* HomeView.swift */ = {isa = PBXFileReference; lastKnownFileType = sourcecode.swift; path = HomeView.swift; sourceTree = "<group>"; };
		D2B096232A529A8C007BC756 /* TicketViewController.swift */ = {isa = PBXFileReference; lastKnownFileType = sourcecode.swift; path = TicketViewController.swift; sourceTree = "<group>"; };
		D2B096252A529AC4007BC756 /* PPPTabBarController.swift */ = {isa = PBXFileReference; lastKnownFileType = sourcecode.swift; path = PPPTabBarController.swift; sourceTree = "<group>"; };
		D2E8C3D22A5E811E002004A5 /* CALayer+.swift */ = {isa = PBXFileReference; lastKnownFileType = sourcecode.swift; path = "CALayer+.swift"; sourceTree = "<group>"; };
		D2E8C3D42A5E9F71002004A5 /* TicketEmptyView.swift */ = {isa = PBXFileReference; lastKnownFileType = sourcecode.swift; path = TicketEmptyView.swift; sourceTree = "<group>"; };
		D2E8C3D62A5E9F7D002004A5 /* TicketCardEmptyView.swift */ = {isa = PBXFileReference; lastKnownFileType = sourcecode.swift; path = TicketCardEmptyView.swift; sourceTree = "<group>"; };
		D2E8C3D82A5EC2C1002004A5 /* TicketModel.swift */ = {isa = PBXFileReference; lastKnownFileType = sourcecode.swift; path = TicketModel.swift; sourceTree = "<group>"; };
		D2E8C3DC2A5EF810002004A5 /* CGFloat+.swift */ = {isa = PBXFileReference; lastKnownFileType = sourcecode.swift; path = "CGFloat+.swift"; sourceTree = "<group>"; };
/* End PBXFileReference section */

/* Begin PBXFrameworksBuildPhase section */
		D2614A3F2A52836E00869710 /* Frameworks */ = {
			isa = PBXFrameworksBuildPhase;
			buildActionMask = 2147483647;
			files = (
				D2614A832A528EB400869710 /* Kingfisher in Frameworks */,
				D2614A8A2A52906D00869710 /* KakaoSDK in Frameworks */,
				D2614A7D2A528DBA00869710 /* SnapKit in Frameworks */,
				D2614A872A528FF600869710 /* Moya in Frameworks */,
				D2614A802A528E2800869710 /* Then in Frameworks */,
			);
			runOnlyForDeploymentPostprocessing = 0;
		};
/* End PBXFrameworksBuildPhase section */

/* Begin PBXGroup section */
		058326832A5BF08C004A295F /* Component */ = {
			isa = PBXGroup;
			children = (
				058326862A5BF893004A295F /* PPPTagView.swift */,
			);
			path = Component;
			sourceTree = "<group>";
		};
		0583268A2A5C012C004A295F /* Detail */ = {
			isa = PBXGroup;
			children = (
				0583268C2A5C013B004A295F /* APIModel */,
				0583268B2A5C0134004A295F /* Model */,
			);
			path = Detail;
			sourceTree = "<group>";
		};
		0583268B2A5C0134004A295F /* Model */ = {
			isa = PBXGroup;
			children = (
			);
			path = Model;
			sourceTree = "<group>";
		};
		0583268C2A5C013B004A295F /* APIModel */ = {
			isa = PBXGroup;
			children = (
				0583268D2A5C0158004A295F /* DetailTagModel.swift */,
			);
			path = APIModel;
			sourceTree = "<group>";
		};
		05CD07DE2A5EA024003EEE84 /* Search */ = {
			isa = PBXGroup;
			children = (
				05CD07E02A5EA041003EEE84 /* APIModel */,
				05CD07DF2A5EA03A003EEE84 /* Model */,
			);
			path = Search;
			sourceTree = "<group>";
		};
		05CD07DF2A5EA03A003EEE84 /* Model */ = {
			isa = PBXGroup;
			children = (
			);
			path = Model;
			sourceTree = "<group>";
		};
		05CD07E02A5EA041003EEE84 /* APIModel */ = {
			isa = PBXGroup;
			children = (
				05CD07E12A5EA072003EEE84 /* SearchListModel.swift */,
			);
			path = APIModel;
			sourceTree = "<group>";
		};
		D22188692A5924A600F097C7 /* Detail */ = {
			isa = PBXGroup;
			children = (
				D221886B2A5924BD00F097C7 /* View */,
				D221886A2A5924B400F097C7 /* ViewController */,
			);
			path = Detail;
			sourceTree = "<group>";
		};
		D221886A2A5924B400F097C7 /* ViewController */ = {
			isa = PBXGroup;
			children = (
				D221886C2A5924C600F097C7 /* DetailViewController.swift */,
			);
			path = ViewController;
			sourceTree = "<group>";
		};
		D221886B2A5924BD00F097C7 /* View */ = {
			isa = PBXGroup;
			children = (
				D221886E2A5924D200F097C7 /* DetailTopView.swift */,
				058326882A5C00C7004A295F /* DetailTagCollectionViewCell.swift */,
				0583268F2A5C290A004A295F /* DetailView.swift */,
				05CD07D02A5C6FEE003EEE84 /* DetailOwnerView.swift */,
				05CD07D22A5C75FA003EEE84 /* DetailBookCollectionViewCell.swift */,
				05CD07D42A5C9690003EEE84 /* DetailUniqueView.swift */,
				05CD07D82A5D2505003EEE84 /* DetailArticleRequestView.swift */,
				05CD07DA2A5D9CA5003EEE84 /* DetailMoveToArticleView.swift */,
			);
			path = View;
			sourceTree = "<group>";
		};
		D22188802A5BDB3100F097C7 /* Utility */ = {
			isa = PBXGroup;
			children = (
				D26594062A5C56F50089E56A /* QRManager.swift */,
			);
			path = Utility;
			sourceTree = "<group>";
		};
		D224D49D2A5DA5C100B014ED /* Cell */ = {
			isa = PBXGroup;
			children = (
				D224D4AE2A5DF25600B014ED /* HeaderFooterView */,
				D224D49E2A5DA6B900B014ED /* MyInfoTableViewCell.swift */,
			);
			path = Cell;
			sourceTree = "<group>";
		};
		D224D4A42A5DB5F900B014ED /* My */ = {
			isa = PBXGroup;
			children = (
				D224D4A72A5DB65E00B014ED /* Model */,
			);
			path = My;
			sourceTree = "<group>";
		};
		D224D4A72A5DB65E00B014ED /* Model */ = {
			isa = PBXGroup;
			children = (
				D224D4A82A5DB66800B014ED /* MyInfoModel.swift */,
				D224D4AC2A5DF15600B014ED /* MyAccountModel.swift */,
			);
			path = Model;
			sourceTree = "<group>";
		};
		D224D4AE2A5DF25600B014ED /* HeaderFooterView */ = {
			isa = PBXGroup;
			children = (
				D224D4AA2A5DCB7800B014ED /* MySeparatorFooterView.swift */,
			);
			name = HeaderFooterView;
			sourceTree = "<group>";
		};
		D2614A392A52836E00869710 = {
			isa = PBXGroup;
			children = (
				D2614A442A52836E00869710 /* PPPCLUB-iOS */,
				D2614A432A52836E00869710 /* Products */,
			);
			sourceTree = "<group>";
		};
		D2614A432A52836E00869710 /* Products */ = {
			isa = PBXGroup;
			children = (
				D2614A422A52836E00869710 /* PPPCLUB-iOS.app */,
			);
			name = Products;
			sourceTree = "<group>";
		};
		D2614A442A52836E00869710 /* PPPCLUB-iOS */ = {
			isa = PBXGroup;
			children = (
				D2B096032A529794007BC756 /* Presentation */,
				D2B096012A529730007BC756 /* Resource */,
				D2614A9B2A5291E300869710 /* Data */,
				D2614A8B2A5290CC00869710 /* Network */,
				D2614A5F2A528C3800869710 /* Global */,
				D2614A592A528B7300869710 /* Application */,
				D2614A532A52837000869710 /* Info.plist */,
			);
			path = "PPPCLUB-iOS";
			sourceTree = "<group>";
		};
		D2614A592A528B7300869710 /* Application */ = {
			isa = PBXGroup;
			children = (
				D2614A472A52836E00869710 /* SceneDelegate.swift */,
				D2614A452A52836E00869710 /* AppDelegate.swift */,
			);
			path = Application;
			sourceTree = "<group>";
		};
		D2614A5A2A528C0F00869710 /* Constant */ = {
			isa = PBXGroup;
			children = (
				D2614A5B2A528C2300869710 /* URLs.swift */,
				D2614A5D2A528C2A00869710 /* Image.swift */,
				D22188832A5BDC1A00F097C7 /* Size.swift */,
			);
			path = Constant;
			sourceTree = "<group>";
		};
		D2614A5F2A528C3800869710 /* Global */ = {
			isa = PBXGroup;
			children = (
				D22188802A5BDB3100F097C7 /* Utility */,
				D2614A602A528C4500869710 /* Extension */,
				D2614A5A2A528C0F00869710 /* Constant */,
			);
			path = Global;
			sourceTree = "<group>";
		};
		D2614A602A528C4500869710 /* Extension */ = {
			isa = PBXGroup;
			children = (
				D2614A612A528C5100869710 /* UIView+.swift */,
				D2614A632A528C6400869710 /* UIViewController+.swift */,
				D2614A652A528C8000869710 /* UITableViewCell+.swift */,
				D2614A672A528C9100869710 /* UITextField+.swift */,
				D2614A692A528CA300869710 /* UIColor+.swift */,
				D2614A6B2A528CCB00869710 /* UILabel+.swift */,
				D2614A6D2A528CD900869710 /* UIButton+.swift */,
				D2614A6F2A528D0300869710 /* UIImageView+.swift */,
				D2614A712A528D1A00869710 /* UITableViewHeaderFooterView+.swift */,
				D2614A732A528D2D00869710 /* UICollectionViewCell+.swift */,
				D2614A752A528D4900869710 /* UICollectionReusableView+.swift */,
				D2614A772A528D5800869710 /* UIFont+.swift */,
				D2614A792A528D6E00869710 /* UITabbar+.swift */,
				D22188872A5BF8BA00F097C7 /* CGPoint+.swift */,
				D2E8C3D22A5E811E002004A5 /* CALayer+.swift */,
				D2E8C3DC2A5EF810002004A5 /* CGFloat+.swift */,
			);
			path = Extension;
			sourceTree = "<group>";
		};
		D2614A8B2A5290CC00869710 /* Network */ = {
			isa = PBXGroup;
			children = (
				D2614A8C2A5290D100869710 /* Foundation */,
			);
			path = Network;
			sourceTree = "<group>";
		};
		D2614A8C2A5290D100869710 /* Foundation */ = {
			isa = PBXGroup;
			children = (
				D2614A8D2A52911000869710 /* GenericResponse.swift */,
				D2614A8F2A52912200869710 /* SimpleResponse.swift */,
				D2614A912A52913900869710 /* APIConstants.swift */,
				D2614A932A52916800869710 /* MoyaLoggerPlugin.swift */,
				D2614A952A52917B00869710 /* NetworkResult.swift */,
				D2614A972A52918A00869710 /* BaseTargetType.swift */,
				D2614A992A52919A00869710 /* BaseAPI.swift */,
			);
			path = Foundation;
			sourceTree = "<group>";
		};
		D2614A9B2A5291E300869710 /* Data */ = {
			isa = PBXGroup;
			children = (
				05CD07DE2A5EA024003EEE84 /* Search */,
				D224D4A42A5DB5F900B014ED /* My */,
				D265940F2A5CF43B0089E56A /* Ticket */,
				0583268A2A5C012C004A295F /* Detail */,
				D2614A9C2A5291E900869710 /* Common */,
			);
			path = Data;
			sourceTree = "<group>";
		};
		D2614A9C2A5291E900869710 /* Common */ = {
			isa = PBXGroup;
			children = (
				D2614A9D2A5291F400869710 /* VoidResult.swift */,
			);
			path = Common;
			sourceTree = "<group>";
		};
		D265940A2A5C88860089E56A /* Cell */ = {
			isa = PBXGroup;
			children = (
				D265940B2A5C88A80089E56A /* TicketCollectionViewCell.swift */,
				D265940D2A5CF2360089E56A /* TicketCardCollectionViewCell.swift */,
			);
			path = Cell;
			sourceTree = "<group>";
		};
		D265940F2A5CF43B0089E56A /* Ticket */ = {
			isa = PBXGroup;
			children = (
				D26594112A5CF4470089E56A /* APIModel */,
				D26594102A5CF4420089E56A /* Model */,
			);
			path = Ticket;
			sourceTree = "<group>";
		};
		D26594102A5CF4420089E56A /* Model */ = {
			isa = PBXGroup;
			children = (
			);
			path = Model;
			sourceTree = "<group>";
		};
		D26594112A5CF4470089E56A /* APIModel */ = {
			isa = PBXGroup;
			children = (
				D26594122A5CF4580089E56A /* TicketCardModel.swift */,
				D2E8C3D82A5EC2C1002004A5 /* TicketModel.swift */,
			);
			path = APIModel;
			sourceTree = "<group>";
		};
		D2B096012A529730007BC756 /* Resource */ = {
			isa = PBXGroup;
			children = (
				D2B096022A529748007BC756 /* Font */,
				D2614A4B2A52836F00869710 /* Main.storyboard */,
				D2614A4E2A52837000869710 /* Assets.xcassets */,
				D2614A502A52837000869710 /* LaunchScreen.storyboard */,
			);
			path = Resource;
			sourceTree = "<group>";
		};
		D2B096022A529748007BC756 /* Font */ = {
			isa = PBXGroup;
			children = (
				D224D4B72A5DFBC200B014ED /* Unbounded-SemiBold.ttf */,
				D224D4B52A5DFB7300B014ED /* Unbounded-Light.ttf */,
				D224D4B32A5DFB6B00B014ED /* Unbounded-Regular.ttf */,
				D224D4B12A5DFAE900B014ED /* Pretendard-Regular.otf */,
				D224D4AF2A5DFAC300B014ED /* Pretendard-Bold.otf */,
				D22188762A5925F100F097C7 /* Pretendard-SemiBold.otf */,
			);
			path = Font;
			sourceTree = "<group>";
		};
		D2B096032A529794007BC756 /* Presentation */ = {
			isa = PBXGroup;
			children = (
				058326832A5BF08C004A295F /* Component */,
				D22188692A5924A600F097C7 /* Detail */,
				D2B096082A52982E007BC756 /* Ticket */,
				D2B096072A5297DD007BC756 /* Search */,
				D2B096062A5297D7007BC756 /* My */,
				D2B096052A5297A4007BC756 /* Home */,
				D2B096042A52979F007BC756 /* Base */,
			);
			path = Presentation;
			sourceTree = "<group>";
		};
		D2B096042A52979F007BC756 /* Base */ = {
			isa = PBXGroup;
			children = (
				D2B096092A529893007BC756 /* BaseViewController.swift */,
				D2B096252A529AC4007BC756 /* PPPTabBarController.swift */,
			);
			path = Base;
			sourceTree = "<group>";
		};
		D2B096052A5297A4007BC756 /* Home */ = {
			isa = PBXGroup;
			children = (
				D2B096122A529921007BC756 /* ViewController */,
				D2B096112A52991A007BC756 /* View */,
			);
			path = Home;
			sourceTree = "<group>";
		};
		D2B096062A5297D7007BC756 /* My */ = {
			isa = PBXGroup;
			children = (
				D224D49D2A5DA5C100B014ED /* Cell */,
				D2B096102A529913007BC756 /* ViewController */,
				D2B0960F2A52990C007BC756 /* View */,
			);
			path = My;
			sourceTree = "<group>";
		};
		D2B096072A5297DD007BC756 /* Search */ = {
			isa = PBXGroup;
			children = (
				D2B0960E2A529904007BC756 /* ViewController */,
				D2B0960D2A5298FF007BC756 /* View */,
			);
			path = Search;
			sourceTree = "<group>";
		};
		D2B096082A52982E007BC756 /* Ticket */ = {
			isa = PBXGroup;
			children = (
				D265940A2A5C88860089E56A /* Cell */,
				D2B0960C2A5298EF007BC756 /* ViewController */,
				D2B0960B2A5298DF007BC756 /* View */,
			);
			path = Ticket;
			sourceTree = "<group>";
		};
		D2B0960B2A5298DF007BC756 /* View */ = {
			isa = PBXGroup;
			children = (
				D2B096152A529963007BC756 /* TicketTicketView.swift */,
				D26594082A5C6FE70089E56A /* TicketCardView.swift */,
				D26594142A5CF4B90089E56A /* TicketView.swift */,
				D224D4952A5D1D0600B014ED /* TicketResultView.swift */,
				D224D4972A5D1D6300B014ED /* TicketSuccessView.swift */,
				D224D4992A5D1D7400B014ED /* TicketFailureView.swift */,
				D2E8C3D42A5E9F71002004A5 /* TicketEmptyView.swift */,
				D2E8C3D62A5E9F7D002004A5 /* TicketCardEmptyView.swift */,
			);
			path = View;
			sourceTree = "<group>";
		};
		D2B0960C2A5298EF007BC756 /* ViewController */ = {
			isa = PBXGroup;
			children = (
				D2B096232A529A8C007BC756 /* TicketViewController.swift */,
				D221887C2A5BD90300F097C7 /* TicketCheckQRCodeViewController.swift */,
				D224D4932A5D1C6A00B014ED /* TicketResultViewController.swift */,
			);
			path = ViewController;
			sourceTree = "<group>";
		};
		D2B0960D2A5298FF007BC756 /* View */ = {
			isa = PBXGroup;
			children = (
				D2B096192A529994007BC756 /* SearchView.swift */,
				05CD07DC2A5E9C37003EEE84 /* SearchTableViewCell.swift */,
				05CD07E42A5ED7D8003EEE84 /* SearchHeaderView.swift */,
			);
			path = View;
			sourceTree = "<group>";
		};
		D2B0960E2A529904007BC756 /* ViewController */ = {
			isa = PBXGroup;
			children = (
				D2B096172A529984007BC756 /* SearchViewController.swift */,
			);
			path = ViewController;
			sourceTree = "<group>";
		};
		D2B0960F2A52990C007BC756 /* View */ = {
			isa = PBXGroup;
			children = (
				D2B0961D2A5299B2007BC756 /* MyView.swift */,
				D224D49B2A5D9A9700B014ED /* MySavedView.swift */,
				D224D4A02A5DA95600B014ED /* MyInfoView.swift */,
				D224D4A22A5DA97D00B014ED /* MyProfileView.swift */,
			);
			path = View;
			sourceTree = "<group>";
		};
		D2B096102A529913007BC756 /* ViewController */ = {
			isa = PBXGroup;
			children = (
				D2B0961B2A5299A0007BC756 /* MyViewController.swift */,
			);
			path = ViewController;
			sourceTree = "<group>";
		};
		D2B096112A52991A007BC756 /* View */ = {
			isa = PBXGroup;
			children = (
				D2B096212A5299CC007BC756 /* HomeView.swift */,
			);
			path = View;
			sourceTree = "<group>";
		};
		D2B096122A529921007BC756 /* ViewController */ = {
			isa = PBXGroup;
			children = (
				D2B0961F2A5299C2007BC756 /* HomeViewController.swift */,
			);
			path = ViewController;
			sourceTree = "<group>";
		};
/* End PBXGroup section */

/* Begin PBXNativeTarget section */
		D2614A412A52836E00869710 /* PPPCLUB-iOS */ = {
			isa = PBXNativeTarget;
			buildConfigurationList = D2614A562A52837000869710 /* Build configuration list for PBXNativeTarget "PPPCLUB-iOS" */;
			buildPhases = (
				D2614A3E2A52836E00869710 /* Sources */,
				D2614A3F2A52836E00869710 /* Frameworks */,
				D2614A402A52836E00869710 /* Resources */,
			);
			buildRules = (
			);
			dependencies = (
			);
			name = "PPPCLUB-iOS";
			packageProductDependencies = (
				D2614A7C2A528DBA00869710 /* SnapKit */,
				D2614A7F2A528E2800869710 /* Then */,
				D2614A822A528EB400869710 /* Kingfisher */,
				D2614A862A528FF600869710 /* Moya */,
				D2614A892A52906D00869710 /* KakaoSDK */,
			);
			productName = "PPPCLUB-iOS";
			productReference = D2614A422A52836E00869710 /* PPPCLUB-iOS.app */;
			productType = "com.apple.product-type.application";
		};
/* End PBXNativeTarget section */

/* Begin PBXProject section */
		D2614A3A2A52836E00869710 /* Project object */ = {
			isa = PBXProject;
			attributes = {
				BuildIndependentTargetsInParallel = 1;
				LastSwiftUpdateCheck = 1420;
				LastUpgradeCheck = 1420;
				TargetAttributes = {
					D2614A412A52836E00869710 = {
						CreatedOnToolsVersion = 14.2;
					};
				};
			};
			buildConfigurationList = D2614A3D2A52836E00869710 /* Build configuration list for PBXProject "PPPCLUB-iOS" */;
			compatibilityVersion = "Xcode 14.0";
			developmentRegion = en;
			hasScannedForEncodings = 0;
			knownRegions = (
				en,
				Base,
			);
			mainGroup = D2614A392A52836E00869710;
			packageReferences = (
				D2614A7B2A528DBA00869710 /* XCRemoteSwiftPackageReference "SnapKit" */,
				D2614A7E2A528E2800869710 /* XCRemoteSwiftPackageReference "Then" */,
				D2614A812A528EB400869710 /* XCRemoteSwiftPackageReference "Kingfisher" */,
				D2614A852A528FF600869710 /* XCRemoteSwiftPackageReference "Moya" */,
				D2614A882A52906D00869710 /* XCRemoteSwiftPackageReference "kakao-ios-sdk" */,
			);
			productRefGroup = D2614A432A52836E00869710 /* Products */;
			projectDirPath = "";
			projectRoot = "";
			targets = (
				D2614A412A52836E00869710 /* PPPCLUB-iOS */,
			);
		};
/* End PBXProject section */

/* Begin PBXResourcesBuildPhase section */
		D2614A402A52836E00869710 /* Resources */ = {
			isa = PBXResourcesBuildPhase;
			buildActionMask = 2147483647;
			files = (
				D224D4B62A5DFB7300B014ED /* Unbounded-Light.ttf in Resources */,
				D2614A522A52837000869710 /* LaunchScreen.storyboard in Resources */,
				D224D4B22A5DFAE900B014ED /* Pretendard-Regular.otf in Resources */,
				D224D4B02A5DFAC400B014ED /* Pretendard-Bold.otf in Resources */,
				D2614A4F2A52837000869710 /* Assets.xcassets in Resources */,
				D22188772A5925F100F097C7 /* Pretendard-SemiBold.otf in Resources */,
				D2614A4D2A52836F00869710 /* Main.storyboard in Resources */,
				D224D4B82A5DFBC300B014ED /* Unbounded-SemiBold.ttf in Resources */,
				D224D4B42A5DFB6B00B014ED /* Unbounded-Regular.ttf in Resources */,
			);
			runOnlyForDeploymentPostprocessing = 0;
		};
/* End PBXResourcesBuildPhase section */

/* Begin PBXSourcesBuildPhase section */
		D2614A3E2A52836E00869710 /* Sources */ = {
			isa = PBXSourcesBuildPhase;
			buildActionMask = 2147483647;
			files = (
				D224D4A12A5DA95600B014ED /* MyInfoView.swift in Sources */,
				D224D4982A5D1D6300B014ED /* TicketSuccessView.swift in Sources */,
				D22188842A5BDC1A00F097C7 /* Size.swift in Sources */,
				D2614A8E2A52911000869710 /* GenericResponse.swift in Sources */,
				D2614A702A528D0300869710 /* UIImageView+.swift in Sources */,
				D2614A9E2A5291F400869710 /* VoidResult.swift in Sources */,
				D224D49F2A5DA6B900B014ED /* MyInfoTableViewCell.swift in Sources */,
				D2614A762A528D4900869710 /* UICollectionReusableView+.swift in Sources */,
				D22188882A5BF8BA00F097C7 /* CGPoint+.swift in Sources */,
				05CD07D52A5C9690003EEE84 /* DetailUniqueView.swift in Sources */,
				D2614A462A52836E00869710 /* AppDelegate.swift in Sources */,
				D2B096222A5299CC007BC756 /* HomeView.swift in Sources */,
				D2B096262A529AC4007BC756 /* PPPTabBarController.swift in Sources */,
				D2614A5E2A528C2A00869710 /* Image.swift in Sources */,
				D224D49A2A5D1D7400B014ED /* TicketFailureView.swift in Sources */,
				D224D4942A5D1C6A00B014ED /* TicketResultViewController.swift in Sources */,
				058326902A5C290A004A295F /* DetailView.swift in Sources */,
				05CD07D32A5C75FA003EEE84 /* DetailBookCollectionViewCell.swift in Sources */,
				D2614A6C2A528CCB00869710 /* UILabel+.swift in Sources */,
				D2614A722A528D1A00869710 /* UITableViewHeaderFooterView+.swift in Sources */,
				D26594072A5C56F50089E56A /* QRManager.swift in Sources */,
				D2B0961E2A5299B2007BC756 /* MyView.swift in Sources */,
				D2E8C3D32A5E811E002004A5 /* CALayer+.swift in Sources */,
				D2614A662A528C8000869710 /* UITableViewCell+.swift in Sources */,
				D26594092A5C6FE70089E56A /* TicketCardView.swift in Sources */,
				D265940C2A5C88A80089E56A /* TicketCollectionViewCell.swift in Sources */,
				D2614A642A528C6400869710 /* UIViewController+.swift in Sources */,
				058326892A5C00C7004A295F /* DetailTagCollectionViewCell.swift in Sources */,
				D224D4A92A5DB66800B014ED /* MyInfoModel.swift in Sources */,
				D2B0961A2A529994007BC756 /* SearchView.swift in Sources */,
				05CD07E52A5ED7D8003EEE84 /* SearchHeaderView.swift in Sources */,
				D2614A782A528D5800869710 /* UIFont+.swift in Sources */,
				D2B096242A529A8C007BC756 /* TicketViewController.swift in Sources */,
				05CD07E22A5EA072003EEE84 /* SearchListModel.swift in Sources */,
				D2614A7A2A528D6E00869710 /* UITabbar+.swift in Sources */,
				D2614A5C2A528C2300869710 /* URLs.swift in Sources */,
				05CD07D92A5D2505003EEE84 /* DetailArticleRequestView.swift in Sources */,
				D2E8C3D92A5EC2C1002004A5 /* TicketModel.swift in Sources */,
				D2B096202A5299C2007BC756 /* HomeViewController.swift in Sources */,
				D26594132A5CF4580089E56A /* TicketCardModel.swift in Sources */,
				D265940E2A5CF2370089E56A /* TicketCardCollectionViewCell.swift in Sources */,
				D2B0960A2A529894007BC756 /* BaseViewController.swift in Sources */,
				D224D49C2A5D9A9700B014ED /* MySavedView.swift in Sources */,
				D2614A902A52912200869710 /* SimpleResponse.swift in Sources */,
				D2614A962A52917B00869710 /* NetworkResult.swift in Sources */,
				D2E8C3D52A5E9F71002004A5 /* TicketEmptyView.swift in Sources */,
				D224D4AD2A5DF15600B014ED /* MyAccountModel.swift in Sources */,
				D2614A942A52916800869710 /* MoyaLoggerPlugin.swift in Sources */,
				D2E8C3DD2A5EF810002004A5 /* CGFloat+.swift in Sources */,
				D2E8C3D72A5E9F7D002004A5 /* TicketCardEmptyView.swift in Sources */,
				D2614A742A528D2D00869710 /* UICollectionViewCell+.swift in Sources */,
				D224D4A32A5DA97D00B014ED /* MyProfileView.swift in Sources */,
				05CD07D12A5C6FEE003EEE84 /* DetailOwnerView.swift in Sources */,
				D2614A482A52836E00869710 /* SceneDelegate.swift in Sources */,
				05CD07DB2A5D9CA5003EEE84 /* DetailMoveToArticleView.swift in Sources */,
				D221886F2A5924D200F097C7 /* DetailTopView.swift in Sources */,
				D2B0961C2A5299A0007BC756 /* MyViewController.swift in Sources */,
				D26594152A5CF4B90089E56A /* TicketView.swift in Sources */,
				D221887D2A5BD90300F097C7 /* TicketCheckQRCodeViewController.swift in Sources */,
				D2614A6E2A528CD900869710 /* UIButton+.swift in Sources */,
				D221886D2A5924C600F097C7 /* DetailViewController.swift in Sources */,
				D2614A922A52913900869710 /* APIConstants.swift in Sources */,
				D224D4AB2A5DCB7800B014ED /* MySeparatorFooterView.swift in Sources */,
				0583268E2A5C0158004A295F /* DetailTagModel.swift in Sources */,
				D224D4962A5D1D0600B014ED /* TicketResultView.swift in Sources */,
				05CD07DD2A5E9C37003EEE84 /* SearchTableViewCell.swift in Sources */,
				D2B096162A529963007BC756 /* TicketTicketView.swift in Sources */,
				D2614A622A528C5100869710 /* UIView+.swift in Sources */,
				D2614A682A528C9100869710 /* UITextField+.swift in Sources */,
				D2614A9A2A52919A00869710 /* BaseAPI.swift in Sources */,
				058326872A5BF893004A295F /* PPPTagView.swift in Sources */,
				D2614A6A2A528CA300869710 /* UIColor+.swift in Sources */,
				D2614A982A52918A00869710 /* BaseTargetType.swift in Sources */,
				D2B096182A529984007BC756 /* SearchViewController.swift in Sources */,
			);
			runOnlyForDeploymentPostprocessing = 0;
		};
/* End PBXSourcesBuildPhase section */

/* Begin PBXVariantGroup section */
		D2614A4B2A52836F00869710 /* Main.storyboard */ = {
			isa = PBXVariantGroup;
			children = (
				D2614A4C2A52836F00869710 /* Base */,
			);
			name = Main.storyboard;
			sourceTree = "<group>";
		};
		D2614A502A52837000869710 /* LaunchScreen.storyboard */ = {
			isa = PBXVariantGroup;
			children = (
				D2614A512A52837000869710 /* Base */,
			);
			name = LaunchScreen.storyboard;
			sourceTree = "<group>";
		};
/* End PBXVariantGroup section */

/* Begin XCBuildConfiguration section */
		D2614A542A52837000869710 /* Debug */ = {
			isa = XCBuildConfiguration;
			buildSettings = {
				ALWAYS_SEARCH_USER_PATHS = NO;
				CLANG_ANALYZER_NONNULL = YES;
				CLANG_ANALYZER_NUMBER_OBJECT_CONVERSION = YES_AGGRESSIVE;
				CLANG_CXX_LANGUAGE_STANDARD = "gnu++20";
				CLANG_ENABLE_MODULES = YES;
				CLANG_ENABLE_OBJC_ARC = YES;
				CLANG_ENABLE_OBJC_WEAK = YES;
				CLANG_WARN_BLOCK_CAPTURE_AUTORELEASING = YES;
				CLANG_WARN_BOOL_CONVERSION = YES;
				CLANG_WARN_COMMA = YES;
				CLANG_WARN_CONSTANT_CONVERSION = YES;
				CLANG_WARN_DEPRECATED_OBJC_IMPLEMENTATIONS = YES;
				CLANG_WARN_DIRECT_OBJC_ISA_USAGE = YES_ERROR;
				CLANG_WARN_DOCUMENTATION_COMMENTS = YES;
				CLANG_WARN_EMPTY_BODY = YES;
				CLANG_WARN_ENUM_CONVERSION = YES;
				CLANG_WARN_INFINITE_RECURSION = YES;
				CLANG_WARN_INT_CONVERSION = YES;
				CLANG_WARN_NON_LITERAL_NULL_CONVERSION = YES;
				CLANG_WARN_OBJC_IMPLICIT_RETAIN_SELF = YES;
				CLANG_WARN_OBJC_LITERAL_CONVERSION = YES;
				CLANG_WARN_OBJC_ROOT_CLASS = YES_ERROR;
				CLANG_WARN_QUOTED_INCLUDE_IN_FRAMEWORK_HEADER = YES;
				CLANG_WARN_RANGE_LOOP_ANALYSIS = YES;
				CLANG_WARN_STRICT_PROTOTYPES = YES;
				CLANG_WARN_SUSPICIOUS_MOVE = YES;
				CLANG_WARN_UNGUARDED_AVAILABILITY = YES_AGGRESSIVE;
				CLANG_WARN_UNREACHABLE_CODE = YES;
				CLANG_WARN__DUPLICATE_METHOD_MATCH = YES;
				COPY_PHASE_STRIP = NO;
				DEBUG_INFORMATION_FORMAT = dwarf;
				ENABLE_STRICT_OBJC_MSGSEND = YES;
				ENABLE_TESTABILITY = YES;
				GCC_C_LANGUAGE_STANDARD = gnu11;
				GCC_DYNAMIC_NO_PIC = NO;
				GCC_NO_COMMON_BLOCKS = YES;
				GCC_OPTIMIZATION_LEVEL = 0;
				GCC_PREPROCESSOR_DEFINITIONS = (
					"DEBUG=1",
					"$(inherited)",
				);
				GCC_WARN_64_TO_32_BIT_CONVERSION = YES;
				GCC_WARN_ABOUT_RETURN_TYPE = YES_ERROR;
				GCC_WARN_UNDECLARED_SELECTOR = YES;
				GCC_WARN_UNINITIALIZED_AUTOS = YES_AGGRESSIVE;
				GCC_WARN_UNUSED_FUNCTION = YES;
				GCC_WARN_UNUSED_VARIABLE = YES;
				IPHONEOS_DEPLOYMENT_TARGET = 16.0;
				MTL_ENABLE_DEBUG_INFO = INCLUDE_SOURCE;
				MTL_FAST_MATH = YES;
				ONLY_ACTIVE_ARCH = YES;
				SDKROOT = iphoneos;
				SWIFT_ACTIVE_COMPILATION_CONDITIONS = DEBUG;
				SWIFT_OPTIMIZATION_LEVEL = "-Onone";
			};
			name = Debug;
		};
		D2614A552A52837000869710 /* Release */ = {
			isa = XCBuildConfiguration;
			buildSettings = {
				ALWAYS_SEARCH_USER_PATHS = NO;
				CLANG_ANALYZER_NONNULL = YES;
				CLANG_ANALYZER_NUMBER_OBJECT_CONVERSION = YES_AGGRESSIVE;
				CLANG_CXX_LANGUAGE_STANDARD = "gnu++20";
				CLANG_ENABLE_MODULES = YES;
				CLANG_ENABLE_OBJC_ARC = YES;
				CLANG_ENABLE_OBJC_WEAK = YES;
				CLANG_WARN_BLOCK_CAPTURE_AUTORELEASING = YES;
				CLANG_WARN_BOOL_CONVERSION = YES;
				CLANG_WARN_COMMA = YES;
				CLANG_WARN_CONSTANT_CONVERSION = YES;
				CLANG_WARN_DEPRECATED_OBJC_IMPLEMENTATIONS = YES;
				CLANG_WARN_DIRECT_OBJC_ISA_USAGE = YES_ERROR;
				CLANG_WARN_DOCUMENTATION_COMMENTS = YES;
				CLANG_WARN_EMPTY_BODY = YES;
				CLANG_WARN_ENUM_CONVERSION = YES;
				CLANG_WARN_INFINITE_RECURSION = YES;
				CLANG_WARN_INT_CONVERSION = YES;
				CLANG_WARN_NON_LITERAL_NULL_CONVERSION = YES;
				CLANG_WARN_OBJC_IMPLICIT_RETAIN_SELF = YES;
				CLANG_WARN_OBJC_LITERAL_CONVERSION = YES;
				CLANG_WARN_OBJC_ROOT_CLASS = YES_ERROR;
				CLANG_WARN_QUOTED_INCLUDE_IN_FRAMEWORK_HEADER = YES;
				CLANG_WARN_RANGE_LOOP_ANALYSIS = YES;
				CLANG_WARN_STRICT_PROTOTYPES = YES;
				CLANG_WARN_SUSPICIOUS_MOVE = YES;
				CLANG_WARN_UNGUARDED_AVAILABILITY = YES_AGGRESSIVE;
				CLANG_WARN_UNREACHABLE_CODE = YES;
				CLANG_WARN__DUPLICATE_METHOD_MATCH = YES;
				COPY_PHASE_STRIP = NO;
				DEBUG_INFORMATION_FORMAT = "dwarf-with-dsym";
				ENABLE_NS_ASSERTIONS = NO;
				ENABLE_STRICT_OBJC_MSGSEND = YES;
				GCC_C_LANGUAGE_STANDARD = gnu11;
				GCC_NO_COMMON_BLOCKS = YES;
				GCC_WARN_64_TO_32_BIT_CONVERSION = YES;
				GCC_WARN_ABOUT_RETURN_TYPE = YES_ERROR;
				GCC_WARN_UNDECLARED_SELECTOR = YES;
				GCC_WARN_UNINITIALIZED_AUTOS = YES_AGGRESSIVE;
				GCC_WARN_UNUSED_FUNCTION = YES;
				GCC_WARN_UNUSED_VARIABLE = YES;
				IPHONEOS_DEPLOYMENT_TARGET = 16.0;
				MTL_ENABLE_DEBUG_INFO = NO;
				MTL_FAST_MATH = YES;
				SDKROOT = iphoneos;
				SWIFT_COMPILATION_MODE = wholemodule;
				SWIFT_OPTIMIZATION_LEVEL = "-O";
				VALIDATE_PRODUCT = YES;
			};
			name = Release;
		};
		D2614A572A52837000869710 /* Debug */ = {
			isa = XCBuildConfiguration;
			buildSettings = {
				ASSETCATALOG_COMPILER_APPICON_NAME = AppIcon;
				ASSETCATALOG_COMPILER_GLOBAL_ACCENT_COLOR_NAME = AccentColor;
				CODE_SIGN_STYLE = Automatic;
				CURRENT_PROJECT_VERSION = 1;
				DEVELOPMENT_TEAM = 3DGF5D388H;
				GENERATE_INFOPLIST_FILE = YES;
				INFOPLIST_FILE = "PPPCLUB-iOS/Info.plist";
				INFOPLIST_KEY_NSCameraUsageDescription = "";
				INFOPLIST_KEY_UIApplicationSupportsIndirectInputEvents = YES;
				INFOPLIST_KEY_UILaunchStoryboardName = LaunchScreen;
				INFOPLIST_KEY_UIMainStoryboardFile = Main;
				INFOPLIST_KEY_UISupportedInterfaceOrientations_iPad = "UIInterfaceOrientationPortrait UIInterfaceOrientationPortraitUpsideDown UIInterfaceOrientationLandscapeLeft UIInterfaceOrientationLandscapeRight";
				INFOPLIST_KEY_UISupportedInterfaceOrientations_iPhone = "UIInterfaceOrientationPortrait UIInterfaceOrientationLandscapeLeft UIInterfaceOrientationLandscapeRight";
				LD_RUNPATH_SEARCH_PATHS = (
					"$(inherited)",
					"@executable_path/Frameworks",
				);
				MARKETING_VERSION = 1.0;
				PRODUCT_BUNDLE_IDENTIFIER = "hellohidi.PPPCLUB-iOS";
				PRODUCT_NAME = "$(TARGET_NAME)";
				SWIFT_EMIT_LOC_STRINGS = YES;
				SWIFT_VERSION = 5.0;
				TARGETED_DEVICE_FAMILY = "1,2";
			};
			name = Debug;
		};
		D2614A582A52837000869710 /* Release */ = {
			isa = XCBuildConfiguration;
			buildSettings = {
				ASSETCATALOG_COMPILER_APPICON_NAME = AppIcon;
				ASSETCATALOG_COMPILER_GLOBAL_ACCENT_COLOR_NAME = AccentColor;
				CODE_SIGN_STYLE = Automatic;
				CURRENT_PROJECT_VERSION = 1;
				DEVELOPMENT_TEAM = 3DGF5D388H;
				GENERATE_INFOPLIST_FILE = YES;
				INFOPLIST_FILE = "PPPCLUB-iOS/Info.plist";
				INFOPLIST_KEY_NSCameraUsageDescription = "";
				INFOPLIST_KEY_UIApplicationSupportsIndirectInputEvents = YES;
				INFOPLIST_KEY_UILaunchStoryboardName = LaunchScreen;
				INFOPLIST_KEY_UIMainStoryboardFile = Main;
				INFOPLIST_KEY_UISupportedInterfaceOrientations_iPad = "UIInterfaceOrientationPortrait UIInterfaceOrientationPortraitUpsideDown UIInterfaceOrientationLandscapeLeft UIInterfaceOrientationLandscapeRight";
				INFOPLIST_KEY_UISupportedInterfaceOrientations_iPhone = "UIInterfaceOrientationPortrait UIInterfaceOrientationLandscapeLeft UIInterfaceOrientationLandscapeRight";
				LD_RUNPATH_SEARCH_PATHS = (
					"$(inherited)",
					"@executable_path/Frameworks",
				);
				MARKETING_VERSION = 1.0;
				PRODUCT_BUNDLE_IDENTIFIER = "hellohidi.PPPCLUB-iOS";
				PRODUCT_NAME = "$(TARGET_NAME)";
				SWIFT_EMIT_LOC_STRINGS = YES;
				SWIFT_VERSION = 5.0;
				TARGETED_DEVICE_FAMILY = "1,2";
			};
			name = Release;
		};
/* End XCBuildConfiguration section */

/* Begin XCConfigurationList section */
		D2614A3D2A52836E00869710 /* Build configuration list for PBXProject "PPPCLUB-iOS" */ = {
			isa = XCConfigurationList;
			buildConfigurations = (
				D2614A542A52837000869710 /* Debug */,
				D2614A552A52837000869710 /* Release */,
			);
			defaultConfigurationIsVisible = 0;
			defaultConfigurationName = Release;
		};
		D2614A562A52837000869710 /* Build configuration list for PBXNativeTarget "PPPCLUB-iOS" */ = {
			isa = XCConfigurationList;
			buildConfigurations = (
				D2614A572A52837000869710 /* Debug */,
				D2614A582A52837000869710 /* Release */,
			);
			defaultConfigurationIsVisible = 0;
			defaultConfigurationName = Release;
		};
/* End XCConfigurationList section */

/* Begin XCRemoteSwiftPackageReference section */
		D2614A7B2A528DBA00869710 /* XCRemoteSwiftPackageReference "SnapKit" */ = {
			isa = XCRemoteSwiftPackageReference;
			repositoryURL = "https://github.com/SnapKit/SnapKit";
			requirement = {
				branch = develop;
				kind = branch;
			};
		};
		D2614A7E2A528E2800869710 /* XCRemoteSwiftPackageReference "Then" */ = {
			isa = XCRemoteSwiftPackageReference;
			repositoryURL = "https://github.com/devxoul/Then.git";
			requirement = {
				branch = master;
				kind = branch;
			};
		};
		D2614A812A528EB400869710 /* XCRemoteSwiftPackageReference "Kingfisher" */ = {
			isa = XCRemoteSwiftPackageReference;
			repositoryURL = "https://github.com/onevcat/Kingfisher";
			requirement = {
				branch = master;
				kind = branch;
			};
		};
		D2614A852A528FF600869710 /* XCRemoteSwiftPackageReference "Moya" */ = {
			isa = XCRemoteSwiftPackageReference;
			repositoryURL = "https://github.com/Moya/Moya";
			requirement = {
				branch = master;
				kind = branch;
			};
		};
		D2614A882A52906D00869710 /* XCRemoteSwiftPackageReference "kakao-ios-sdk" */ = {
			isa = XCRemoteSwiftPackageReference;
			repositoryURL = "https://github.com/kakao/kakao-ios-sdk";
			requirement = {
				branch = master;
				kind = branch;
			};
		};
/* End XCRemoteSwiftPackageReference section */

/* Begin XCSwiftPackageProductDependency section */
		D2614A7C2A528DBA00869710 /* SnapKit */ = {
			isa = XCSwiftPackageProductDependency;
			package = D2614A7B2A528DBA00869710 /* XCRemoteSwiftPackageReference "SnapKit" */;
			productName = SnapKit;
		};
		D2614A7F2A528E2800869710 /* Then */ = {
			isa = XCSwiftPackageProductDependency;
			package = D2614A7E2A528E2800869710 /* XCRemoteSwiftPackageReference "Then" */;
			productName = Then;
		};
		D2614A822A528EB400869710 /* Kingfisher */ = {
			isa = XCSwiftPackageProductDependency;
			package = D2614A812A528EB400869710 /* XCRemoteSwiftPackageReference "Kingfisher" */;
			productName = Kingfisher;
		};
		D2614A862A528FF600869710 /* Moya */ = {
			isa = XCSwiftPackageProductDependency;
			package = D2614A852A528FF600869710 /* XCRemoteSwiftPackageReference "Moya" */;
			productName = Moya;
		};
		D2614A892A52906D00869710 /* KakaoSDK */ = {
			isa = XCSwiftPackageProductDependency;
			package = D2614A882A52906D00869710 /* XCRemoteSwiftPackageReference "kakao-ios-sdk" */;
			productName = KakaoSDK;
		};
/* End XCSwiftPackageProductDependency section */
	};
	rootObject = D2614A3A2A52836E00869710 /* Project object */;
}
